
Microsoft Visual Studio Solution File, Format Version 12.00
# Visual Studio Version 17
VisualStudioVersion = 17.3.32929.385
MinimumVisualStudioVersion = 10.0.40219.1
Project("{FAE04EC0-301F-11D3-BF4B-00C04F79EFBC}") = "EjerciciosBucles", "EjerciciosBucles\EjerciciosBucles.csproj", "{09573FAB-9274-4AFD-AC9B-FAE4E8B2A4C2}"
EndProject
Global
	GlobalSection(SolutionConfigurationPlatforms) = preSolution
		Debug|Any CPU = Debug|Any CPU
		Release|Any CPU = Release|Any CPU
	EndGlobalSection
	GlobalSection(ProjectConfigurationPlatforms) = postSolution
		{09573FAB-9274-4AFD-AC9B-FAE4E8B2A4C2}.Debug|Any CPU.ActiveCfg = Debug|Any CPU
		{09573FAB-9274-4AFD-AC9B-FAE4E8B2A4C2}.Debug|Any CPU.Build.0 = Debug|Any CPU
		{09573FAB-9274-4AFD-AC9B-FAE4E8B2A4C2}.Release|Any CPU.ActiveCfg = Release|Any CPU
		{09573FAB-9274-4AFD-AC9B-FAE4E8B2A4C2}.Release|Any CPU.Build.0 = Release|Any CPU
	EndGlobalSection
	GlobalSection(SolutionProperties) = preSolution
		HideSolutionNode = FALSE
	EndGlobalSection
	GlobalSection(ExtensibilityGlobals) = postSolution
		SolutionGuid = {3B2A0E7D-A21E-444C-8F46-0E14D885E068}
	EndGlobalSection
EndGlobal
